// !$*UTF8*$!
{
	archiveVersion = 1;
	classes = {
	};
	objectVersion = 46;
	objects = {

/* Begin PBXBuildFile section */
		7A0AF5941DE7D07A00CEF207 /* main.m in Sources */ = {isa = PBXBuildFile; fileRef = 7A0AF5931DE7D07A00CEF207 /* main.m */; };
		7A0AF5971DE7D07A00CEF207 /* AppDelegate.m in Sources */ = {isa = PBXBuildFile; fileRef = 7A0AF5961DE7D07A00CEF207 /* AppDelegate.m */; };
		7A0AF59A1DE7D07A00CEF207 /* ViewController.m in Sources */ = {isa = PBXBuildFile; fileRef = 7A0AF5991DE7D07A00CEF207 /* ViewController.m */; };
		7A0AF59D1DE7D07A00CEF207 /* Main.storyboard in Resources */ = {isa = PBXBuildFile; fileRef = 7A0AF59B1DE7D07A00CEF207 /* Main.storyboard */; };
		7A0AF59F1DE7D07A00CEF207 /* Assets.xcassets in Resources */ = {isa = PBXBuildFile; fileRef = 7A0AF59E1DE7D07A00CEF207 /* Assets.xcassets */; };
		7A0AF5A21DE7D07A00CEF207 /* LaunchScreen.storyboard in Resources */ = {isa = PBXBuildFile; fileRef = 7A0AF5A01DE7D07A00CEF207 /* LaunchScreen.storyboard */; };
		7A0AF5AD1DE7D07A00CEF207 /* UIViewControllerExtensionTests.m in Sources */ = {isa = PBXBuildFile; fileRef = 7A0AF5AC1DE7D07A00CEF207 /* UIViewControllerExtensionTests.m */; };
		7A0AF5B81DE7D07A00CEF207 /* UIViewControllerExtensionUITests.m in Sources */ = {isa = PBXBuildFile; fileRef = 7A0AF5B71DE7D07A00CEF207 /* UIViewControllerExtensionUITests.m */; };
		7A0AF5C81DE7D08D00CEF207 /* UIViewController+Message.m in Sources */ = {isa = PBXBuildFile; fileRef = 7A0AF5C71DE7D08D00CEF207 /* UIViewController+Message.m */; };
		7A0AF5CF1DE7D0A500CEF207 /* SecondViewController.m in Sources */ = {isa = PBXBuildFile; fileRef = 7A0AF5CA1DE7D0A500CEF207 /* SecondViewController.m */; };
		7A0AF5D01DE7D0A500CEF207 /* SecondViewController.xib in Resources */ = {isa = PBXBuildFile; fileRef = 7A0AF5CB1DE7D0A500CEF207 /* SecondViewController.xib */; };
		7A0AF5D11DE7D0A500CEF207 /* ThreeViewController.m in Sources */ = {isa = PBXBuildFile; fileRef = 7A0AF5CD1DE7D0A500CEF207 /* ThreeViewController.m */; };
		7A0AF5D21DE7D0A500CEF207 /* ThreeViewController.xib in Resources */ = {isa = PBXBuildFile; fileRef = 7A0AF5CE1DE7D0A500CEF207 /* ThreeViewController.xib */; };
		7A0AF5D91DE7D0B100CEF207 /* FirstViewController.m in Sources */ = {isa = PBXBuildFile; fileRef = 7A0AF5D41DE7D0B100CEF207 /* FirstViewController.m */; };
		7A0AF5DA1DE7D0B100CEF207 /* FirstViewController.xib in Resources */ = {isa = PBXBuildFile; fileRef = 7A0AF5D51DE7D0B100CEF207 /* FirstViewController.xib */; };
		7A0AF5DB1DE7D0B100CEF207 /* FourViewController.m in Sources */ = {isa = PBXBuildFile; fileRef = 7A0AF5D71DE7D0B100CEF207 /* FourViewController.m */; };
		7A0AF5DC1DE7D0B100CEF207 /* FourViewController.xib in Resources */ = {isa = PBXBuildFile; fileRef = 7A0AF5D81DE7D0B100CEF207 /* FourViewController.xib */; };
/* End PBXBuildFile section */

/* Begin PBXContainerItemProxy section */
		7A0AF5A91DE7D07A00CEF207 /* PBXContainerItemProxy */ = {
			isa = PBXContainerItemProxy;
			containerPortal = 7A0AF5871DE7D07A00CEF207 /* Project object */;
			proxyType = 1;
			remoteGlobalIDString = 7A0AF58E1DE7D07A00CEF207;
			remoteInfo = UIViewControllerExtension;
		};
		7A0AF5B41DE7D07A00CEF207 /* PBXContainerItemProxy */ = {
			isa = PBXContainerItemProxy;
			containerPortal = 7A0AF5871DE7D07A00CEF207 /* Project object */;
			proxyType = 1;
			remoteGlobalIDString = 7A0AF58E1DE7D07A00CEF207;
			remoteInfo = UIViewControllerExtension;
		};
/* End PBXContainerItemProxy section */

/* Begin PBXFileReference section */
		7A0AF58F1DE7D07A00CEF207 /* UIViewControllerExtension.app */ = {isa = PBXFileReference; explicitFileType = wrapper.application; includeInIndex = 0; path = UIViewControllerExtension.app; sourceTree = BUILT_PRODUCTS_DIR; };
		7A0AF5931DE7D07A00CEF207 /* main.m */ = {isa = PBXFileReference; lastKnownFileType = sourcecode.c.objc; path = main.m; sourceTree = "<group>"; };
		7A0AF5951DE7D07A00CEF207 /* AppDelegate.h */ = {isa = PBXFileReference; lastKnownFileType = sourcecode.c.h; path = AppDelegate.h; sourceTree = "<group>"; };
		7A0AF5961DE7D07A00CEF207 /* AppDelegate.m */ = {isa = PBXFileReference; lastKnownFileType = sourcecode.c.objc; path = AppDelegate.m; sourceTree = "<group>"; };
		7A0AF5981DE7D07A00CEF207 /* ViewController.h */ = {isa = PBXFileReference; lastKnownFileType = sourcecode.c.h; path = ViewController.h; sourceTree = "<group>"; };
		7A0AF5991DE7D07A00CEF207 /* ViewController.m */ = {isa = PBXFileReference; lastKnownFileType = sourcecode.c.objc; path = ViewController.m; sourceTree = "<group>"; };
		7A0AF59C1DE7D07A00CEF207 /* Base */ = {isa = PBXFileReference; lastKnownFileType = file.storyboard; name = Base; path = Base.lproj/Main.storyboard; sourceTree = "<group>"; };
		7A0AF59E1DE7D07A00CEF207 /* Assets.xcassets */ = {isa = PBXFileReference; lastKnownFileType = folder.assetcatalog; path = Assets.xcassets; sourceTree = "<group>"; };
		7A0AF5A11DE7D07A00CEF207 /* Base */ = {isa = PBXFileReference; lastKnownFileType = file.storyboard; name = Base; path = Base.lproj/LaunchScreen.storyboard; sourceTree = "<group>"; };
		7A0AF5A31DE7D07A00CEF207 /* Info.plist */ = {isa = PBXFileReference; lastKnownFileType = text.plist.xml; path = Info.plist; sourceTree = "<group>"; };
		7A0AF5A81DE7D07A00CEF207 /* UIViewControllerExtensionTests.xctest */ = {isa = PBXFileReference; explicitFileType = wrapper.cfbundle; includeInIndex = 0; path = UIViewControllerExtensionTests.xctest; sourceTree = BUILT_PRODUCTS_DIR; };
		7A0AF5AC1DE7D07A00CEF207 /* UIViewControllerExtensionTests.m */ = {isa = PBXFileReference; lastKnownFileType = sourcecode.c.objc; path = UIViewControllerExtensionTests.m; sourceTree = "<group>"; };
		7A0AF5AE1DE7D07A00CEF207 /* Info.plist */ = {isa = PBXFileReference; lastKnownFileType = text.plist.xml; path = Info.plist; sourceTree = "<group>"; };
		7A0AF5B31DE7D07A00CEF207 /* UIViewControllerExtensionUITests.xctest */ = {isa = PBXFileReference; explicitFileType = wrapper.cfbundle; includeInIndex = 0; path = UIViewControllerExtensionUITests.xctest; sourceTree = BUILT_PRODUCTS_DIR; };
		7A0AF5B71DE7D07A00CEF207 /* UIViewControllerExtensionUITests.m */ = {isa = PBXFileReference; lastKnownFileType = sourcecode.c.objc; path = UIViewControllerExtensionUITests.m; sourceTree = "<group>"; };
		7A0AF5B91DE7D07A00CEF207 /* Info.plist */ = {isa = PBXFileReference; lastKnownFileType = text.plist.xml; path = Info.plist; sourceTree = "<group>"; };
		7A0AF5C61DE7D08D00CEF207 /* UIViewController+Message.h */ = {isa = PBXFileReference; fileEncoding = 4; lastKnownFileType = sourcecode.c.h; path = "UIViewController+Message.h"; sourceTree = "<group>"; };
		7A0AF5C71DE7D08D00CEF207 /* UIViewController+Message.m */ = {isa = PBXFileReference; fileEncoding = 4; lastKnownFileType = sourcecode.c.objc; path = "UIViewController+Message.m"; sourceTree = "<group>"; };
		7A0AF5C91DE7D0A500CEF207 /* SecondViewController.h */ = {isa = PBXFileReference; fileEncoding = 4; lastKnownFileType = sourcecode.c.h; path = SecondViewController.h; sourceTree = "<group>"; };
		7A0AF5CA1DE7D0A500CEF207 /* SecondViewController.m */ = {isa = PBXFileReference; fileEncoding = 4; lastKnownFileType = sourcecode.c.objc; path = SecondViewController.m; sourceTree = "<group>"; };
		7A0AF5CB1DE7D0A500CEF207 /* SecondViewController.xib */ = {isa = PBXFileReference; fileEncoding = 4; lastKnownFileType = file.xib; path = SecondViewController.xib; sourceTree = "<group>"; };
		7A0AF5CC1DE7D0A500CEF207 /* ThreeViewController.h */ = {isa = PBXFileReference; fileEncoding = 4; lastKnownFileType = sourcecode.c.h; path = ThreeViewController.h; sourceTree = "<group>"; };
		7A0AF5CD1DE7D0A500CEF207 /* ThreeViewController.m */ = {isa = PBXFileReference; fileEncoding = 4; lastKnownFileType = sourcecode.c.objc; path = ThreeViewController.m; sourceTree = "<group>"; };
		7A0AF5CE1DE7D0A500CEF207 /* ThreeViewController.xib */ = {isa = PBXFileReference; fileEncoding = 4; lastKnownFileType = file.xib; path = ThreeViewController.xib; sourceTree = "<group>"; };
		7A0AF5D31DE7D0B100CEF207 /* FirstViewController.h */ = {isa = PBXFileReference; fileEncoding = 4; lastKnownFileType = sourcecode.c.h; path = FirstViewController.h; sourceTree = "<group>"; };
		7A0AF5D41DE7D0B100CEF207 /* FirstViewController.m */ = {isa = PBXFileReference; fileEncoding = 4; lastKnownFileType = sourcecode.c.objc; path = FirstViewController.m; sourceTree = "<group>"; };
		7A0AF5D51DE7D0B100CEF207 /* FirstViewController.xib */ = {isa = PBXFileReference; fileEncoding = 4; lastKnownFileType = file.xib; path = FirstViewController.xib; sourceTree = "<group>"; };
		7A0AF5D61DE7D0B100CEF207 /* FourViewController.h */ = {isa = PBXFileReference; fileEncoding = 4; lastKnownFileType = sourcecode.c.h; path = FourViewController.h; sourceTree = "<group>"; };
		7A0AF5D71DE7D0B100CEF207 /* FourViewController.m */ = {isa = PBXFileReference; fileEncoding = 4; lastKnownFileType = sourcecode.c.objc; path = FourViewController.m; sourceTree = "<group>"; };
		7A0AF5D81DE7D0B100CEF207 /* FourViewController.xib */ = {isa = PBXFileReference; fileEncoding = 4; lastKnownFileType = file.xib; path = FourViewController.xib; sourceTree = "<group>"; };
/* End PBXFileReference section */

/* Begin PBXFrameworksBuildPhase section */
		7A0AF58C1DE7D07A00CEF207 /* Frameworks */ = {
			isa = PBXFrameworksBuildPhase;
			buildActionMask = 2147483647;
			files = (
			);
			runOnlyForDeploymentPostprocessing = 0;
		};
		7A0AF5A51DE7D07A00CEF207 /* Frameworks */ = {
			isa = PBXFrameworksBuildPhase;
			buildActionMask = 2147483647;
			files = (
			);
			runOnlyForDeploymentPostprocessing = 0;
		};
		7A0AF5B01DE7D07A00CEF207 /* Frameworks */ = {
			isa = PBXFrameworksBuildPhase;
			buildActionMask = 2147483647;
			files = (
			);
			runOnlyForDeploymentPostprocessing = 0;
		};
/* End PBXFrameworksBuildPhase section */

/* Begin PBXGroup section */
		7A0AF5861DE7D07A00CEF207 = {
			isa = PBXGroup;
			children = (
				7A0AF5911DE7D07A00CEF207 /* UIViewControllerExtension */,
				7A0AF5AB1DE7D07A00CEF207 /* UIViewControllerExtensionTests */,
				7A0AF5B61DE7D07A00CEF207 /* UIViewControllerExtensionUITests */,
				7A0AF5901DE7D07A00CEF207 /* Products */,
			);
			sourceTree = "<group>";
		};
		7A0AF5901DE7D07A00CEF207 /* Products */ = {
			isa = PBXGroup;
			children = (
				7A0AF58F1DE7D07A00CEF207 /* UIViewControllerExtension.app */,
				7A0AF5A81DE7D07A00CEF207 /* UIViewControllerExtensionTests.xctest */,
				7A0AF5B31DE7D07A00CEF207 /* UIViewControllerExtensionUITests.xctest */,
			);
			name = Products;
			sourceTree = "<group>";
		};
		7A0AF5911DE7D07A00CEF207 /* UIViewControllerExtension */ = {
			isa = PBXGroup;
			children = (
				7A0AF5C51DE7D08D00CEF207 /* UIViewController+Message */,
				7A0AF5951DE7D07A00CEF207 /* AppDelegate.h */,
				7A0AF5961DE7D07A00CEF207 /* AppDelegate.m */,
				7A0AF5981DE7D07A00CEF207 /* ViewController.h */,
				7A0AF5991DE7D07A00CEF207 /* ViewController.m */,
				7A0AF59B1DE7D07A00CEF207 /* Main.storyboard */,
				7A0AF5D31DE7D0B100CEF207 /* FirstViewController.h */,
				7A0AF5D41DE7D0B100CEF207 /* FirstViewController.m */,
				7A0AF5D51DE7D0B100CEF207 /* FirstViewController.xib */,
				7A0AF5C91DE7D0A500CEF207 /* SecondViewController.h */,
				7A0AF5CA1DE7D0A500CEF207 /* SecondViewController.m */,
				7A0AF5CB1DE7D0A500CEF207 /* SecondViewController.xib */,
				7A0AF5CC1DE7D0A500CEF207 /* ThreeViewController.h */,
				7A0AF5CD1DE7D0A500CEF207 /* ThreeViewController.m */,
				7A0AF5CE1DE7D0A500CEF207 /* ThreeViewController.xib */,
				7A0AF5D61DE7D0B100CEF207 /* FourViewController.h */,
				7A0AF5D71DE7D0B100CEF207 /* FourViewController.m */,
				7A0AF5D81DE7D0B100CEF207 /* FourViewController.xib */,
				7A0AF59E1DE7D07A00CEF207 /* Assets.xcassets */,
				7A0AF5A01DE7D07A00CEF207 /* LaunchScreen.storyboard */,
				7A0AF5A31DE7D07A00CEF207 /* Info.plist */,
				7A0AF5921DE7D07A00CEF207 /* Supporting Files */,
			);
			path = UIViewControllerExtension;
			sourceTree = "<group>";
		};
		7A0AF5921DE7D07A00CEF207 /* Supporting Files */ = {
			isa = PBXGroup;
			children = (
				7A0AF5931DE7D07A00CEF207 /* main.m */,
			);
			name = "Supporting Files";
			sourceTree = "<group>";
		};
		7A0AF5AB1DE7D07A00CEF207 /* UIViewControllerExtensionTests */ = {
			isa = PBXGroup;
			children = (
				7A0AF5AC1DE7D07A00CEF207 /* UIViewControllerExtensionTests.m */,
				7A0AF5AE1DE7D07A00CEF207 /* Info.plist */,
			);
			path = UIViewControllerExtensionTests;
			sourceTree = "<group>";
		};
		7A0AF5B61DE7D07A00CEF207 /* UIViewControllerExtensionUITests */ = {
			isa = PBXGroup;
			children = (
				7A0AF5B71DE7D07A00CEF207 /* UIViewControllerExtensionUITests.m */,
				7A0AF5B91DE7D07A00CEF207 /* Info.plist */,
			);
			path = UIViewControllerExtensionUITests;
			sourceTree = "<group>";
		};
		7A0AF5C51DE7D08D00CEF207 /* UIViewController+Message */ = {
			isa = PBXGroup;
			children = (
				7A0AF5C61DE7D08D00CEF207 /* UIViewController+Message.h */,
				7A0AF5C71DE7D08D00CEF207 /* UIViewController+Message.m */,
			);
			path = "UIViewController+Message";
			sourceTree = "<group>";
		};
/* End PBXGroup section */

/* Begin PBXNativeTarget section */
		7A0AF58E1DE7D07A00CEF207 /* UIViewControllerExtension */ = {
			isa = PBXNativeTarget;
			buildConfigurationList = 7A0AF5BC1DE7D07A00CEF207 /* Build configuration list for PBXNativeTarget "UIViewControllerExtension" */;
			buildPhases = (
				7A0AF58B1DE7D07A00CEF207 /* Sources */,
				7A0AF58C1DE7D07A00CEF207 /* Frameworks */,
				7A0AF58D1DE7D07A00CEF207 /* Resources */,
			);
			buildRules = (
			);
			dependencies = (
			);
			name = UIViewControllerExtension;
			productName = UIViewControllerExtension;
			productReference = 7A0AF58F1DE7D07A00CEF207 /* UIViewControllerExtension.app */;
			productType = "com.apple.product-type.application";
		};
		7A0AF5A71DE7D07A00CEF207 /* UIViewControllerExtensionTests */ = {
			isa = PBXNativeTarget;
			buildConfigurationList = 7A0AF5BF1DE7D07A00CEF207 /* Build configuration list for PBXNativeTarget "UIViewControllerExtensionTests" */;
			buildPhases = (
				7A0AF5A41DE7D07A00CEF207 /* Sources */,
				7A0AF5A51DE7D07A00CEF207 /* Frameworks */,
				7A0AF5A61DE7D07A00CEF207 /* Resources */,
			);
			buildRules = (
			);
			dependencies = (
				7A0AF5AA1DE7D07A00CEF207 /* PBXTargetDependency */,
			);
			name = UIViewControllerExtensionTests;
			productName = UIViewControllerExtensionTests;
			productReference = 7A0AF5A81DE7D07A00CEF207 /* UIViewControllerExtensionTests.xctest */;
			productType = "com.apple.product-type.bundle.unit-test";
		};
		7A0AF5B21DE7D07A00CEF207 /* UIViewControllerExtensionUITests */ = {
			isa = PBXNativeTarget;
			buildConfigurationList = 7A0AF5C21DE7D07A00CEF207 /* Build configuration list for PBXNativeTarget "UIViewControllerExtensionUITests" */;
			buildPhases = (
				7A0AF5AF1DE7D07A00CEF207 /* Sources */,
				7A0AF5B01DE7D07A00CEF207 /* Frameworks */,
				7A0AF5B11DE7D07A00CEF207 /* Resources */,
			);
			buildRules = (
			);
			dependencies = (
				7A0AF5B51DE7D07A00CEF207 /* PBXTargetDependency */,
			);
			name = UIViewControllerExtensionUITests;
			productName = UIViewControllerExtensionUITests;
			productReference = 7A0AF5B31DE7D07A00CEF207 /* UIViewControllerExtensionUITests.xctest */;
			productType = "com.apple.product-type.bundle.ui-testing";
		};
/* End PBXNativeTarget section */

/* Begin PBXProject section */
		7A0AF5871DE7D07A00CEF207 /* Project object */ = {
			isa = PBXProject;
			attributes = {
				LastUpgradeCheck = 0800;
				ORGANIZATIONNAME = LYW;
				TargetAttributes = {
					7A0AF58E1DE7D07A00CEF207 = {
						CreatedOnToolsVersion = 8.0;
						ProvisioningStyle = Automatic;
					};
					7A0AF5A71DE7D07A00CEF207 = {
						CreatedOnToolsVersion = 8.0;
						ProvisioningStyle = Automatic;
						TestTargetID = 7A0AF58E1DE7D07A00CEF207;
					};
					7A0AF5B21DE7D07A00CEF207 = {
						CreatedOnToolsVersion = 8.0;
						ProvisioningStyle = Automatic;
						TestTargetID = 7A0AF58E1DE7D07A00CEF207;
					};
				};
			};
			buildConfigurationList = 7A0AF58A1DE7D07A00CEF207 /* Build configuration list for PBXProject "UIViewControllerExtension" */;
			compatibilityVersion = "Xcode 3.2";
			developmentRegion = English;
			hasScannedForEncodings = 0;
			knownRegions = (
				en,
				Base,
			);
			mainGroup = 7A0AF5861DE7D07A00CEF207;
			productRefGroup = 7A0AF5901DE7D07A00CEF207 /* Products */;
			projectDirPath = "";
			projectRoot = "";
			targets = (
				7A0AF58E1DE7D07A00CEF207 /* UIViewControllerExtension */,
				7A0AF5A71DE7D07A00CEF207 /* UIViewControllerExtensionTests */,
				7A0AF5B21DE7D07A00CEF207 /* UIViewControllerExtensionUITests */,
			);
		};
/* End PBXProject section */

/* Begin PBXResourcesBuildPhase section */
		7A0AF58D1DE7D07A00CEF207 /* Resources */ = {
			isa = PBXResourcesBuildPhase;
			buildActionMask = 2147483647;
			files = (
				7A0AF5DC1DE7D0B100CEF207 /* FourViewController.xib in Resources */,
				7A0AF5D01DE7D0A500CEF207 /* SecondViewController.xib in Resources */,
				7A0AF5DA1DE7D0B100CEF207 /* FirstViewController.xib in Resources */,
				7A0AF5A21DE7D07A00CEF207 /* LaunchScreen.storyboard in Resources */,
				7A0AF59F1DE7D07A00CEF207 /* Assets.xcassets in Resources */,
				7A0AF5D21DE7D0A500CEF207 /* ThreeViewController.xib in Resources */,
				7A0AF59D1DE7D07A00CEF207 /* Main.storyboard in Resources */,
			);
			runOnlyForDeploymentPostprocessing = 0;
		};
		7A0AF5A61DE7D07A00CEF207 /* Resources */ = {
			isa = PBXResourcesBuildPhase;
			buildActionMask = 2147483647;
			files = (
			);
			runOnlyForDeploymentPostprocessing = 0;
		};
		7A0AF5B11DE7D07A00CEF207 /* Resources */ = {
			isa = PBXResourcesBuildPhase;
			buildActionMask = 2147483647;
			files = (
			);
			runOnlyForDeploymentPostprocessing = 0;
		};
/* End PBXResourcesBuildPhase section */

/* Begin PBXSourcesBuildPhase section */
		7A0AF58B1DE7D07A00CEF207 /* Sources */ = {
			isa = PBXSourcesBuildPhase;
			buildActionMask = 2147483647;
			files = (
				7A0AF5CF1DE7D0A500CEF207 /* SecondViewController.m in Sources */,
				7A0AF59A1DE7D07A00CEF207 /* ViewController.m in Sources */,
				7A0AF5DB1DE7D0B100CEF207 /* FourViewController.m in Sources */,
				7A0AF5D91DE7D0B100CEF207 /* FirstViewController.m in Sources */,
				7A0AF5971DE7D07A00CEF207 /* AppDelegate.m in Sources */,
				7A0AF5D11DE7D0A500CEF207 /* ThreeViewController.m in Sources */,
				7A0AF5C81DE7D08D00CEF207 /* UIViewController+Message.m in Sources */,
				7A0AF5941DE7D07A00CEF207 /* main.m in Sources */,
			);
			runOnlyForDeploymentPostprocessing = 0;
		};
		7A0AF5A41DE7D07A00CEF207 /* Sources */ = {
			isa = PBXSourcesBuildPhase;
			buildActionMask = 2147483647;
			files = (
				7A0AF5AD1DE7D07A00CEF207 /* UIViewControllerExtensionTests.m in Sources */,
			);
			runOnlyForDeploymentPostprocessing = 0;
		};
		7A0AF5AF1DE7D07A00CEF207 /* Sources */ = {
			isa = PBXSourcesBuildPhase;
			buildActionMask = 2147483647;
			files = (
				7A0AF5B81DE7D07A00CEF207 /* UIViewControllerExtensionUITests.m in Sources */,
			);
			runOnlyForDeploymentPostprocessing = 0;
		};
/* End PBXSourcesBuildPhase section */

/* Begin PBXTargetDependency section */
		7A0AF5AA1DE7D07A00CEF207 /* PBXTargetDependency */ = {
			isa = PBXTargetDependency;
			target = 7A0AF58E1DE7D07A00CEF207 /* UIViewControllerExtension */;
			targetProxy = 7A0AF5A91DE7D07A00CEF207 /* PBXContainerItemProxy */;
		};
		7A0AF5B51DE7D07A00CEF207 /* PBXTargetDependency */ = {
			isa = PBXTargetDependency;
			target = 7A0AF58E1DE7D07A00CEF207 /* UIViewControllerExtension */;
			targetProxy = 7A0AF5B41DE7D07A00CEF207 /* PBXContainerItemProxy */;
		};
/* End PBXTargetDependency section */

/* Begin PBXVariantGroup section */
		7A0AF59B1DE7D07A00CEF207 /* Main.storyboard */ = {
			isa = PBXVariantGroup;
			children = (
				7A0AF59C1DE7D07A00CEF207 /* Base */,
			);
			name = Main.storyboard;
			sourceTree = "<group>";
		};
		7A0AF5A01DE7D07A00CEF207 /* LaunchScreen.storyboard */ = {
			isa = PBXVariantGroup;
			children = (
				7A0AF5A11DE7D07A00CEF207 /* Base */,
			);
			name = LaunchScreen.storyboard;
			sourceTree = "<group>";
		};
/* End PBXVariantGroup section */

/* Begin XCBuildConfiguration section */
		7A0AF5BA1DE7D07A00CEF207 /* Debug */ = {
			isa = XCBuildConfiguration;
			buildSettings = {
				ALWAYS_SEARCH_USER_PATHS = NO;
				CLANG_ANALYZER_NONNULL = YES;
				CLANG_CXX_LANGUAGE_STANDARD = "gnu++0x";
				CLANG_CXX_LIBRARY = "libc++";
				CLANG_ENABLE_MODULES = YES;
				CLANG_ENABLE_OBJC_ARC = YES;
				CLANG_WARN_BOOL_CONVERSION = YES;
				CLANG_WARN_CONSTANT_CONVERSION = YES;
				CLANG_WARN_DIRECT_OBJC_ISA_USAGE = YES_ERROR;
				CLANG_WARN_DOCUMENTATION_COMMENTS = YES;
				CLANG_WARN_EMPTY_BODY = YES;
				CLANG_WARN_ENUM_CONVERSION = YES;
				CLANG_WARN_INFINITE_RECURSION = YES;
				CLANG_WARN_INT_CONVERSION = YES;
				CLANG_WARN_OBJC_ROOT_CLASS = YES_ERROR;
				CLANG_WARN_SUSPICIOUS_MOVES = YES;
				CLANG_WARN_UNREACHABLE_CODE = YES;
				CLANG_WARN__DUPLICATE_METHOD_MATCH = YES;
				"CODE_SIGN_IDENTITY[sdk=iphoneos*]" = "iPhone Developer";
				COPY_PHASE_STRIP = NO;
				DEBUG_INFORMATION_FORMAT = dwarf;
				ENABLE_STRICT_OBJC_MSGSEND = YES;
				ENABLE_TESTABILITY = YES;
				GCC_C_LANGUAGE_STANDARD = gnu99;
				GCC_DYNAMIC_NO_PIC = NO;
				GCC_NO_COMMON_BLOCKS = YES;
				GCC_OPTIMIZATION_LEVEL = 0;
				GCC_PREPROCESSOR_DEFINITIONS = (
					"DEBUG=1",
					"$(inherited)",
				);
				GCC_WARN_64_TO_32_BIT_CONVERSION = YES;
				GCC_WARN_ABOUT_RETURN_TYPE = YES_ERROR;
				GCC_WARN_UNDECLARED_SELECTOR = YES;
				GCC_WARN_UNINITIALIZED_AUTOS = YES_AGGRESSIVE;
				GCC_WARN_UNUSED_FUNCTION = YES;
				GCC_WARN_UNUSED_VARIABLE = YES;
				IPHONEOS_DEPLOYMENT_TARGET = 10.0;
				MTL_ENABLE_DEBUG_INFO = YES;
				ONLY_ACTIVE_ARCH = YES;
				SDKROOT = iphoneos;
			};
			name = Debug;
		};
		7A0AF5BB1DE7D07A00CEF207 /* Release */ = {
			isa = XCBuildConfiguration;
			buildSettings = {
				ALWAYS_SEARCH_USER_PATHS = NO;
				CLANG_ANALYZER_NONNULL = YES;
				CLANG_CXX_LANGUAGE_STANDARD = "gnu++0x";
				CLANG_CXX_LIBRARY = "libc++";
				CLANG_ENABLE_MODULES = YES;
				CLANG_ENABLE_OBJC_ARC = YES;
				CLANG_WARN_BOOL_CONVERSION = YES;
				CLANG_WARN_CONSTANT_CONVERSION = YES;
				CLANG_WARN_DIRECT_OBJC_ISA_USAGE = YES_ERROR;
				CLANG_WARN_DOCUMENTATION_COMMENTS = YES;
				CLANG_WARN_EMPTY_BODY = YES;
				CLANG_WARN_ENUM_CONVERSION = YES;
				CLANG_WARN_INFINITE_RECURSION = YES;
				CLANG_WARN_INT_CONVERSION = YES;
				CLANG_WARN_OBJC_ROOT_CLASS = YES_ERROR;
				CLANG_WARN_SUSPICIOUS_MOVES = YES;
				CLANG_WARN_UNREACHABLE_CODE = YES;
				CLANG_WARN__DUPLICATE_METHOD_MATCH = YES;
				"CODE_SIGN_IDENTITY[sdk=iphoneos*]" = "iPhone Developer";
				COPY_PHASE_STRIP = NO;
				DEBUG_INFORMATION_FORMAT = "dwarf-with-dsym";
				ENABLE_NS_ASSERTIONS = NO;
				ENABLE_STRICT_OBJC_MSGSEND = YES;
				GCC_C_LANGUAGE_STANDARD = gnu99;
				GCC_NO_COMMON_BLOCKS = YES;
				GCC_WARN_64_TO_32_BIT_CONVERSION = YES;
				GCC_WARN_ABOUT_RETURN_TYPE = YES_ERROR;
				GCC_WARN_UNDECLARED_SELECTOR = YES;
				GCC_WARN_UNINITIALIZED_AUTOS = YES_AGGRESSIVE;
				GCC_WARN_UNUSED_FUNCTION = YES;
				GCC_WARN_UNUSED_VARIABLE = YES;
				IPHONEOS_DEPLOYMENT_TARGET = 10.0;
				MTL_ENABLE_DEBUG_INFO = NO;
				SDKROOT = iphoneos;
				VALIDATE_PRODUCT = YES;
			};
			name = Release;
		};
		7A0AF5BD1DE7D07A00CEF207 /* Debug */ = {
			isa = XCBuildConfiguration;
			buildSettings = {
				ASSETCATALOG_COMPILER_APPICON_NAME = AppIcon;
				INFOPLIST_FILE = UIViewControllerExtension/Info.plist;
				LD_RUNPATH_SEARCH_PATHS = "$(inherited) @executable_path/Frameworks";
				PRODUCT_BUNDLE_IDENTIFIER = com.shanshuirong.UIViewControllerExtension;
				PRODUCT_NAME = "$(TARGET_NAME)";
			};
			name = Debug;
		};
		7A0AF5BE1DE7D07A00CEF207 /* Release */ = {
			isa = XCBuildConfiguration;
			buildSettings = {
				ASSETCATALOG_COMPILER_APPICON_NAME = AppIcon;
				INFOPLIST_FILE = UIViewControllerExtension/Info.plist;
				LD_RUNPATH_SEARCH_PATHS = "$(inherited) @executable_path/Frameworks";
				PRODUCT_BUNDLE_IDENTIFIER = com.shanshuirong.UIViewControllerExtension;
				PRODUCT_NAME = "$(TARGET_NAME)";
			};
			name = Release;
		};
		7A0AF5C01DE7D07A00CEF207 /* Debug */ = {
			isa = XCBuildConfiguration;
			buildSettings = {
				BUNDLE_LOADER = "$(TEST_HOST)";
				INFOPLIST_FILE = UIViewControllerExtensionTests/Info.plist;
				LD_RUNPATH_SEARCH_PATHS = "$(inherited) @executable_path/Frameworks @loader_path/Frameworks";
				PRODUCT_BUNDLE_IDENTIFIER = com.shanshuirong.UIViewControllerExtensionTests;
				PRODUCT_NAME = "$(TARGET_NAME)";
				TEST_HOST = "$(BUILT_PRODUCTS_DIR)/UIViewControllerExtension.app/UIViewControllerExtension";
			};
			name = Debug;
		};
		7A0AF5C11DE7D07A00CEF207 /* Release */ = {
			isa = XCBuildConfiguration;
			buildSettings = {
				BUNDLE_LOADER = "$(TEST_HOST)";
				INFOPLIST_FILE = UIViewControllerExtensionTests/Info.plist;
				LD_RUNPATH_SEARCH_PATHS = "$(inherited) @executable_path/Frameworks @loader_path/Frameworks";
				PRODUCT_BUNDLE_IDENTIFIER = com.shanshuirong.UIViewControllerExtensionTests;
				PRODUCT_NAME = "$(TARGET_NAME)";
				TEST_HOST = "$(BUILT_PRODUCTS_DIR)/UIViewControllerExtension.app/UIViewControllerExtension";
			};
			name = Release;
		};
		7A0AF5C31DE7D07A00CEF207 /* Debug */ = {
			isa = XCBuildConfiguration;
			buildSettings = {
				INFOPLIST_FILE = UIViewControllerExtensionUITests/Info.plist;
				LD_RUNPATH_SEARCH_PATHS = "$(inherited) @executable_path/Frameworks @loader_path/Frameworks";
				PRODUCT_BUNDLE_IDENTIFIER = com.shanshuirong.UIViewControllerExtensionUITests;
				PRODUCT_NAME = "$(TARGET_NAME)";
				TEST_TARGET_NAME = UIViewControllerExtension;
			};
			name = Debug;
		};
		7A0AF5C41DE7D07A00CEF207 /* Release */ = {
			isa = XCBuildConfiguration;
			buildSettings = {
				INFOPLIST_FILE = UIViewControllerExtensionUITests/Info.plist;
				LD_RUNPATH_SEARCH_PATHS = "$(inherited) @executable_path/Frameworks @loader_path/Frameworks";
				PRODUCT_BUNDLE_IDENTIFIER = com.shanshuirong.UIViewControllerExtensionUITests;
				PRODUCT_NAME = "$(TARGET_NAME)";
				TEST_TARGET_NAME = UIViewControllerExtension;
			};
			name = Release;
		};
/* End XCBuildConfiguration section */

/* Begin XCConfigurationList section */
		7A0AF58A1DE7D07A00CEF207 /* Build configuration list for PBXProject "UIViewControllerExtension" */ = {
			isa = XCConfigurationList;
			buildConfigurations = (
				7A0AF5BA1DE7D07A00CEF207 /* Debug */,
				7A0AF5BB1DE7D07A00CEF207 /* Release */,
			);
			defaultConfigurationIsVisible = 0;
			defaultConfigurationName = Release;
		};
		7A0AF5BC1DE7D07A00CEF207 /* Build configuration list for PBXNativeTarget "UIViewControllerExtension" */ = {
			isa = XCConfigurationList;
			buildConfigurations = (
				7A0AF5BD1DE7D07A00CEF207 /* Debug */,
				7A0AF5BE1DE7D07A00CEF207 /* Release */,
			);
			defaultConfigurationIsVisible = 0;
		};
		7A0AF5BF1DE7D07A00CEF207 /* Build configuration list for PBXNativeTarget "UIViewControllerExtensionTests" */ = {
			isa = XCConfigurationList;
			buildConfigurations = (
				7A0AF5C01DE7D07A00CEF207 /* Debug */,
				7A0AF5C11DE7D07A00CEF207 /* Release */,
			);
			defaultConfigurationIsVisible = 0;
		};
		7A0AF5C21DE7D07A00CEF207 /* Build configuration list for PBXNativeTarget "UIViewControllerExtensionUITests" */ = {
			isa = XCConfigurationList;
			buildConfigurations = (
				7A0AF5C31DE7D07A00CEF207 /* Debug */,
				7A0AF5C41DE7D07A00CEF207 /* Release */,
			);
			defaultConfigurationIsVisible = 0;
		};
/* End XCConfigurationList section */
	};
	rootObject = 7A0AF5871DE7D07A00CEF207 /* Project object */;
}
